
Microsoft Visual Studio Solution File, Format Version 12.00
# Visual Studio Version 17
VisualStudioVersion = 17.14.36717.8 d17.14
MinimumVisualStudioVersion = 10.0.40219.1
Project("{FAE04EC0-301F-11D3-BF4B-00C04F79EFBC}") = "AdventOfCode", "AdventOfCode.csproj", "{55C223E2-636E-43AC-AEFE-6428B427B696}"
EndProject
Global
	GlobalSection(SolutionConfigurationPlatforms) = preSolution
		Debug|Any CPU = Debug|Any CPU
		Release|Any CPU = Release|Any CPU
	EndGlobalSection
	GlobalSection(ProjectConfigurationPlatforms) = postSolution
		{55C223E2-636E-43AC-AEFE-6428B427B696}.Debug|Any CPU.ActiveCfg = Debug|Any CPU
		{55C223E2-636E-43AC-AEFE-6428B427B696}.Debug|Any CPU.Build.0 = Debug|Any CPU
		{55C223E2-636E-43AC-AEFE-6428B427B696}.Release|Any CPU.ActiveCfg = Release|Any CPU
		{55C223E2-636E-43AC-AEFE-6428B427B696}.Release|Any CPU.Build.0 = Release|Any CPU
	EndGlobalSection
	GlobalSection(SolutionProperties) = preSolution
		HideSolutionNode = FALSE
	EndGlobalSection
	GlobalSection(ExtensibilityGlobals) = postSolution
		SolutionGuid = {E67BE0E2-B766-4D81-8BA9-B989AE900941}
	EndGlobalSection
EndGlobal
